
Microsoft Visual Studio Solution File, Format Version 12.00
# Visual Studio 15
VisualStudioVersion = 15.0.26124.0
MinimumVisualStudioVersion = 15.0.26124.0
Project("{FAE04EC0-301F-11D3-BF4B-00C04F79EFBC}") = "Penguin.DependencyInjection.Local", "Penguin.DependencyInjection.Local.csproj", "{5F06824F-1DC4-42D7-B43B-5673840A04A5}"
EndProject
Project("{FAE04EC0-301F-11D3-BF4B-00C04F79EFBC}") = "Penguin.DependencyInjection.Abstractions.Local", "..\Penguin.DependencyInjection.Abstractions\Penguin.DependencyInjection.Abstractions.Local.csproj", "{1BF737B3-41D0-424C-9E47-B9666DBF71FF}"
EndProject
Project("{FAE04EC0-301F-11D3-BF4B-00C04F79EFBC}") = "Penguin.Reflection.Local", "..\Penguin.Reflection\Penguin.Reflection.Local.csproj", "{01693B7B-7A8B-4476-80E8-DB3FB4799065}"
EndProject
Project("{FAE04EC0-301F-11D3-BF4B-00C04F79EFBC}") = "Penguin.Debugging.Local", "..\Penguin.Debugging\Penguin.Debugging.Local.csproj", "{4DD1EDBA-1AA9-4DDE-8C25-0CDC5BDF711D}"
EndProject
Project("{FAE04EC0-301F-11D3-BF4B-00C04F79EFBC}") = "Penguin.Extensions.Exceptions.Local", "..\Penguin.Extensions.Exceptions\Penguin.Extensions.Exceptions.Local.csproj", "{E3A0E97E-6795-4964-9FDD-7D2A5CAAD755}"
EndProject
Project("{FAE04EC0-301F-11D3-BF4B-00C04F79EFBC}") = "Penguin.Reflection.Abstractions.Local", "..\Penguin.Reflection.Abstractions\Penguin.Reflection.Abstractions.Local.csproj", "{E3469B0B-3734-45AA-8F17-29311DB8DF7D}"
EndProject
Project("{FAE04EC0-301F-11D3-BF4B-00C04F79EFBC}") = "Penguin.Reflection.Extensions.Local", "..\Penguin.Reflection.Extensions\Penguin.Reflection.Extensions.Local.csproj", "{51CF9300-BFF0-45A8-8663-EA8E402EB6FF}"
EndProject
Project("{FAE04EC0-301F-11D3-BF4B-00C04F79EFBC}") = "Penguin.Extensions.String.Local", "..\Penguin.Extensions.String\Penguin.Extensions.String.Local.csproj", "{A5019D8C-880C-4E30-8339-BD95B610ADF0}"
EndProject
Global
	GlobalSection(SolutionConfigurationPlatforms) = preSolution
		Debug|Any CPU = Debug|Any CPU
		Debug|x64 = Debug|x64
		Debug|x86 = Debug|x86
		Release|Any CPU = Release|Any CPU
		Release|x64 = Release|x64
		Release|x86 = Release|x86
	EndGlobalSection
	GlobalSection(SolutionProperties) = preSolution
		HideSolutionNode = FALSE
	EndGlobalSection
	GlobalSection(ProjectConfigurationPlatforms) = postSolution
		{5F06824F-1DC4-42D7-B43B-5673840A04A5}.Debug|Any CPU.ActiveCfg = Debug|Any CPU
		{5F06824F-1DC4-42D7-B43B-5673840A04A5}.Debug|Any CPU.Build.0 = Debug|Any CPU
		{5F06824F-1DC4-42D7-B43B-5673840A04A5}.Debug|x64.ActiveCfg = Debug|Any CPU
		{5F06824F-1DC4-42D7-B43B-5673840A04A5}.Debug|x64.Build.0 = Debug|Any CPU
		{5F06824F-1DC4-42D7-B43B-5673840A04A5}.Debug|x86.ActiveCfg = Debug|Any CPU
		{5F06824F-1DC4-42D7-B43B-5673840A04A5}.Debug|x86.Build.0 = Debug|Any CPU
		{5F06824F-1DC4-42D7-B43B-5673840A04A5}.Release|Any CPU.ActiveCfg = Release|Any CPU
		{5F06824F-1DC4-42D7-B43B-5673840A04A5}.Release|Any CPU.Build.0 = Release|Any CPU
		{5F06824F-1DC4-42D7-B43B-5673840A04A5}.Release|x64.ActiveCfg = Release|Any CPU
		{5F06824F-1DC4-42D7-B43B-5673840A04A5}.Release|x64.Build.0 = Release|Any CPU
		{5F06824F-1DC4-42D7-B43B-5673840A04A5}.Release|x86.ActiveCfg = Release|Any CPU
		{5F06824F-1DC4-42D7-B43B-5673840A04A5}.Release|x86.Build.0 = Release|Any CPU
		{1BF737B3-41D0-424C-9E47-B9666DBF71FF}.Debug|Any CPU.ActiveCfg = Debug|Any CPU
		{1BF737B3-41D0-424C-9E47-B9666DBF71FF}.Debug|Any CPU.Build.0 = Debug|Any CPU
		{1BF737B3-41D0-424C-9E47-B9666DBF71FF}.Debug|x64.ActiveCfg = Debug|Any CPU
		{1BF737B3-41D0-424C-9E47-B9666DBF71FF}.Debug|x64.Build.0 = Debug|Any CPU
		{1BF737B3-41D0-424C-9E47-B9666DBF71FF}.Debug|x86.ActiveCfg = Debug|Any CPU
		{1BF737B3-41D0-424C-9E47-B9666DBF71FF}.Debug|x86.Build.0 = Debug|Any CPU
		{1BF737B3-41D0-424C-9E47-B9666DBF71FF}.Release|Any CPU.ActiveCfg = Release|Any CPU
		{1BF737B3-41D0-424C-9E47-B9666DBF71FF}.Release|Any CPU.Build.0 = Release|Any CPU
		{1BF737B3-41D0-424C-9E47-B9666DBF71FF}.Release|x64.ActiveCfg = Release|Any CPU
		{1BF737B3-41D0-424C-9E47-B9666DBF71FF}.Release|x64.Build.0 = Release|Any CPU
		{1BF737B3-41D0-424C-9E47-B9666DBF71FF}.Release|x86.ActiveCfg = Release|Any CPU
		{1BF737B3-41D0-424C-9E47-B9666DBF71FF}.Release|x86.Build.0 = Release|Any CPU
		{01693B7B-7A8B-4476-80E8-DB3FB4799065}.Debug|Any CPU.ActiveCfg = Debug|Any CPU
		{01693B7B-7A8B-4476-80E8-DB3FB4799065}.Debug|Any CPU.Build.0 = Debug|Any CPU
		{01693B7B-7A8B-4476-80E8-DB3FB4799065}.Debug|x64.ActiveCfg = Debug|Any CPU
		{01693B7B-7A8B-4476-80E8-DB3FB4799065}.Debug|x64.Build.0 = Debug|Any CPU
		{01693B7B-7A8B-4476-80E8-DB3FB4799065}.Debug|x86.ActiveCfg = Debug|Any CPU
		{01693B7B-7A8B-4476-80E8-DB3FB4799065}.Debug|x86.Build.0 = Debug|Any CPU
		{01693B7B-7A8B-4476-80E8-DB3FB4799065}.Release|Any CPU.ActiveCfg = Release|Any CPU
		{01693B7B-7A8B-4476-80E8-DB3FB4799065}.Release|Any CPU.Build.0 = Release|Any CPU
		{01693B7B-7A8B-4476-80E8-DB3FB4799065}.Release|x64.ActiveCfg = Release|Any CPU
		{01693B7B-7A8B-4476-80E8-DB3FB4799065}.Release|x64.Build.0 = Release|Any CPU
		{01693B7B-7A8B-4476-80E8-DB3FB4799065}.Release|x86.ActiveCfg = Release|Any CPU
		{01693B7B-7A8B-4476-80E8-DB3FB4799065}.Release|x86.Build.0 = Release|Any CPU
		{4DD1EDBA-1AA9-4DDE-8C25-0CDC5BDF711D}.Debug|Any CPU.ActiveCfg = Debug|Any CPU
		{4DD1EDBA-1AA9-4DDE-8C25-0CDC5BDF711D}.Debug|Any CPU.Build.0 = Debug|Any CPU
		{4DD1EDBA-1AA9-4DDE-8C25-0CDC5BDF711D}.Debug|x64.ActiveCfg = Debug|Any CPU
		{4DD1EDBA-1AA9-4DDE-8C25-0CDC5BDF711D}.Debug|x64.Build.0 = Debug|Any CPU
		{4DD1EDBA-1AA9-4DDE-8C25-0CDC5BDF711D}.Debug|x86.ActiveCfg = Debug|Any CPU
		{4DD1EDBA-1AA9-4DDE-8C25-0CDC5BDF711D}.Debug|x86.Build.0 = Debug|Any CPU
		{4DD1EDBA-1AA9-4DDE-8C25-0CDC5BDF711D}.Release|Any CPU.ActiveCfg = Release|Any CPU
		{4DD1EDBA-1AA9-4DDE-8C25-0CDC5BDF711D}.Release|Any CPU.Build.0 = Release|Any CPU
		{4DD1EDBA-1AA9-4DDE-8C25-0CDC5BDF711D}.Release|x64.ActiveCfg = Release|Any CPU
		{4DD1EDBA-1AA9-4DDE-8C25-0CDC5BDF711D}.Release|x64.Build.0 = Release|Any CPU
		{4DD1EDBA-1AA9-4DDE-8C25-0CDC5BDF711D}.Release|x86.ActiveCfg = Release|Any CPU
		{4DD1EDBA-1AA9-4DDE-8C25-0CDC5BDF711D}.Release|x86.Build.0 = Release|Any CPU
		{E3A0E97E-6795-4964-9FDD-7D2A5CAAD755}.Debug|Any CPU.ActiveCfg = Debug|Any CPU
		{E3A0E97E-6795-4964-9FDD-7D2A5CAAD755}.Debug|Any CPU.Build.0 = Debug|Any CPU
		{E3A0E97E-6795-4964-9FDD-7D2A5CAAD755}.Debug|x64.ActiveCfg = Debug|Any CPU
		{E3A0E97E-6795-4964-9FDD-7D2A5CAAD755}.Debug|x64.Build.0 = Debug|Any CPU
		{E3A0E97E-6795-4964-9FDD-7D2A5CAAD755}.Debug|x86.ActiveCfg = Debug|Any CPU
		{E3A0E97E-6795-4964-9FDD-7D2A5CAAD755}.Debug|x86.Build.0 = Debug|Any CPU
		{E3A0E97E-6795-4964-9FDD-7D2A5CAAD755}.Release|Any CPU.ActiveCfg = Release|Any CPU
		{E3A0E97E-6795-4964-9FDD-7D2A5CAAD755}.Release|Any CPU.Build.0 = Release|Any CPU
		{E3A0E97E-6795-4964-9FDD-7D2A5CAAD755}.Release|x64.ActiveCfg = Release|Any CPU
		{E3A0E97E-6795-4964-9FDD-7D2A5CAAD755}.Release|x64.Build.0 = Release|Any CPU
		{E3A0E97E-6795-4964-9FDD-7D2A5CAAD755}.Release|x86.ActiveCfg = Release|Any CPU
		{E3A0E97E-6795-4964-9FDD-7D2A5CAAD755}.Release|x86.Build.0 = Release|Any CPU
		{E3469B0B-3734-45AA-8F17-29311DB8DF7D}.Debug|Any CPU.ActiveCfg = Debug|Any CPU
		{E3469B0B-3734-45AA-8F17-29311DB8DF7D}.Debug|Any CPU.Build.0 = Debug|Any CPU
		{E3469B0B-3734-45AA-8F17-29311DB8DF7D}.Debug|x64.ActiveCfg = Debug|Any CPU
		{E3469B0B-3734-45AA-8F17-29311DB8DF7D}.Debug|x64.Build.0 = Debug|Any CPU
		{E3469B0B-3734-45AA-8F17-29311DB8DF7D}.Debug|x86.ActiveCfg = Debug|Any CPU
		{E3469B0B-3734-45AA-8F17-29311DB8DF7D}.Debug|x86.Build.0 = Debug|Any CPU
		{E3469B0B-3734-45AA-8F17-29311DB8DF7D}.Release|Any CPU.ActiveCfg = Release|Any CPU
		{E3469B0B-3734-45AA-8F17-29311DB8DF7D}.Release|Any CPU.Build.0 = Release|Any CPU
		{E3469B0B-3734-45AA-8F17-29311DB8DF7D}.Release|x64.ActiveCfg = Release|Any CPU
		{E3469B0B-3734-45AA-8F17-29311DB8DF7D}.Release|x64.Build.0 = Release|Any CPU
		{E3469B0B-3734-45AA-8F17-29311DB8DF7D}.Release|x86.ActiveCfg = Release|Any CPU
		{E3469B0B-3734-45AA-8F17-29311DB8DF7D}.Release|x86.Build.0 = Release|Any CPU
		{51CF9300-BFF0-45A8-8663-EA8E402EB6FF}.Debug|Any CPU.ActiveCfg = Debug|Any CPU
		{51CF9300-BFF0-45A8-8663-EA8E402EB6FF}.Debug|Any CPU.Build.0 = Debug|Any CPU
		{51CF9300-BFF0-45A8-8663-EA8E402EB6FF}.Debug|x64.ActiveCfg = Debug|Any CPU
		{51CF9300-BFF0-45A8-8663-EA8E402EB6FF}.Debug|x64.Build.0 = Debug|Any CPU
		{51CF9300-BFF0-45A8-8663-EA8E402EB6FF}.Debug|x86.ActiveCfg = Debug|Any CPU
		{51CF9300-BFF0-45A8-8663-EA8E402EB6FF}.Debug|x86.Build.0 = Debug|Any CPU
		{51CF9300-BFF0-45A8-8663-EA8E402EB6FF}.Release|Any CPU.ActiveCfg = Release|Any CPU
		{51CF9300-BFF0-45A8-8663-EA8E402EB6FF}.Release|Any CPU.Build.0 = Release|Any CPU
		{51CF9300-BFF0-45A8-8663-EA8E402EB6FF}.Release|x64.ActiveCfg = Release|Any CPU
		{51CF9300-BFF0-45A8-8663-EA8E402EB6FF}.Release|x64.Build.0 = Release|Any CPU
		{51CF9300-BFF0-45A8-8663-EA8E402EB6FF}.Release|x86.ActiveCfg = Release|Any CPU
		{51CF9300-BFF0-45A8-8663-EA8E402EB6FF}.Release|x86.Build.0 = Release|Any CPU
		{A5019D8C-880C-4E30-8339-BD95B610ADF0}.Debug|Any CPU.ActiveCfg = Debug|Any CPU
		{A5019D8C-880C-4E30-8339-BD95B610ADF0}.Debug|Any CPU.Build.0 = Debug|Any CPU
		{A5019D8C-880C-4E30-8339-BD95B610ADF0}.Debug|x64.ActiveCfg = Debug|Any CPU
		{A5019D8C-880C-4E30-8339-BD95B610ADF0}.Debug|x64.Build.0 = Debug|Any CPU
		{A5019D8C-880C-4E30-8339-BD95B610ADF0}.Debug|x86.ActiveCfg = Debug|Any CPU
		{A5019D8C-880C-4E30-8339-BD95B610ADF0}.Debug|x86.Build.0 = Debug|Any CPU
		{A5019D8C-880C-4E30-8339-BD95B610ADF0}.Release|Any CPU.ActiveCfg = Release|Any CPU
		{A5019D8C-880C-4E30-8339-BD95B610ADF0}.Release|Any CPU.Build.0 = Release|Any CPU
		{A5019D8C-880C-4E30-8339-BD95B610ADF0}.Release|x64.ActiveCfg = Release|Any CPU
		{A5019D8C-880C-4E30-8339-BD95B610ADF0}.Release|x64.Build.0 = Release|Any CPU
		{A5019D8C-880C-4E30-8339-BD95B610ADF0}.Release|x86.ActiveCfg = Release|Any CPU
		{A5019D8C-880C-4E30-8339-BD95B610ADF0}.Release|x86.Build.0 = Release|Any CPU
	EndGlobalSection
EndGlobal
